
Microsoft Visual Studio Solution File, Format Version 12.00
Project("{FAE04EC0-301F-11D3-BF4B-00C04F79EFBC}") = "ITStep.Planner", "ITStep.Planner\ITStep.Planner.csproj", "{ABCCD6C6-B255-499C-974C-3EC272C0C931}"
EndProject
Global
	GlobalSection(SolutionConfigurationPlatforms) = preSolution
		Debug|Any CPU = Debug|Any CPU
		Release|Any CPU = Release|Any CPU
	EndGlobalSection
	GlobalSection(ProjectConfigurationPlatforms) = postSolution
		{ABCCD6C6-B255-499C-974C-3EC272C0C931}.Debug|Any CPU.ActiveCfg = Debug|Any CPU
		{ABCCD6C6-B255-499C-974C-3EC272C0C931}.Debug|Any CPU.Build.0 = Debug|Any CPU
		{ABCCD6C6-B255-499C-974C-3EC272C0C931}.Release|Any CPU.ActiveCfg = Release|Any CPU
		{ABCCD6C6-B255-499C-974C-3EC272C0C931}.Release|Any CPU.Build.0 = Release|Any CPU
	EndGlobalSection
EndGlobal
